
Microsoft Visual Studio Solution File, Format Version 12.00
# Visual Studio Version 16
VisualStudioVersion = 16.0.30114.105
MinimumVisualStudioVersion = 10.0.40219.1
Project("{9A19103F-16F7-4668-BE54-9A1E7A4F7556}") = "OnBehalf.Example.Web.Client", "OnBehalf.Example.Web.Client\OnBehalf.Example.Web.Client.csproj", "{EA7E6214-D462-41EC-BC66-7365322AA685}"
EndProject
Project("{FAE04EC0-301F-11D3-BF4B-00C04F79EFBC}") = "OnBehalf.Example.Web", "OnBehalf.Example.Web\OnBehalf.Example.Web.csproj", "{E1204DBC-2044-42F1-B59E-4088BB0D8CBF}"
EndProject
Global
	GlobalSection(SolutionConfigurationPlatforms) = preSolution
		Debug|Any CPU = Debug|Any CPU
		Release|Any CPU = Release|Any CPU
	EndGlobalSection
	GlobalSection(ProjectConfigurationPlatforms) = postSolution
		{EA7E6214-D462-41EC-BC66-7365322AA685}.Debug|Any CPU.ActiveCfg = Debug|Any CPU
		{EA7E6214-D462-41EC-BC66-7365322AA685}.Debug|Any CPU.Build.0 = Debug|Any CPU
		{EA7E6214-D462-41EC-BC66-7365322AA685}.Release|Any CPU.ActiveCfg = Release|Any CPU
		{EA7E6214-D462-41EC-BC66-7365322AA685}.Release|Any CPU.Build.0 = Release|Any CPU
		{E1204DBC-2044-42F1-B59E-4088BB0D8CBF}.Debug|Any CPU.ActiveCfg = Debug|Any CPU
		{E1204DBC-2044-42F1-B59E-4088BB0D8CBF}.Debug|Any CPU.Build.0 = Debug|Any CPU
		{E1204DBC-2044-42F1-B59E-4088BB0D8CBF}.Release|Any CPU.ActiveCfg = Release|Any CPU
		{E1204DBC-2044-42F1-B59E-4088BB0D8CBF}.Release|Any CPU.Build.0 = Release|Any CPU
	EndGlobalSection
	GlobalSection(SolutionProperties) = preSolution
		HideSolutionNode = FALSE
	EndGlobalSection
	GlobalSection(ExtensibilityGlobals) = postSolution
		SolutionGuid = {2AE129E5-B440-4B62-8731-19E73369771D}
	EndGlobalSection
EndGlobal
